
Microsoft Visual Studio Solution File, Format Version 12.00
# Visual Studio Version 17
VisualStudioVersion = 17.5.002.0
MinimumVisualStudioVersion = 10.0.40219.1
Project("{9A19103F-16F7-4668-BE54-9A1E7A4F7556}") = "actividad 2 plataformas de desarrollo", "actividad 2 plataformas de desarrollo.csproj", "{758B69C8-59E7-460B-945D-2B5B92A33828}"
EndProject
Global
	GlobalSection(SolutionConfigurationPlatforms) = preSolution
		Debug|Any CPU = Debug|Any CPU
		Release|Any CPU = Release|Any CPU
	EndGlobalSection
	GlobalSection(ProjectConfigurationPlatforms) = postSolution
		{758B69C8-59E7-460B-945D-2B5B92A33828}.Debug|Any CPU.ActiveCfg = Debug|Any CPU
		{758B69C8-59E7-460B-945D-2B5B92A33828}.Debug|Any CPU.Build.0 = Debug|Any CPU
		{758B69C8-59E7-460B-945D-2B5B92A33828}.Release|Any CPU.ActiveCfg = Release|Any CPU
		{758B69C8-59E7-460B-945D-2B5B92A33828}.Release|Any CPU.Build.0 = Release|Any CPU
	EndGlobalSection
	GlobalSection(SolutionProperties) = preSolution
		HideSolutionNode = FALSE
	EndGlobalSection
	GlobalSection(ExtensibilityGlobals) = postSolution
		SolutionGuid = {AA4A64FC-8A2F-406E-806F-15D5429A8B75}
	EndGlobalSection
EndGlobal
